
Microsoft Visual Studio Solution File, Format Version 12.00
# Visual Studio Version 17
VisualStudioVersion = 17.12.35527.113
MinimumVisualStudioVersion = 10.0.40219.1
Project("{FAE04EC0-301F-11D3-BF4B-00C04F79EFBC}") = "Notes++", "Notes++\Notes++.csproj", "{74082E54-87BB-419E-AA7A-C4DB84263190}"
EndProject
Global
	GlobalSection(SolutionConfigurationPlatforms) = preSolution
		Debug|Any CPU = Debug|Any CPU
		Debug|ARM64 = Debug|ARM64
		Release|Any CPU = Release|Any CPU
		Release|ARM64 = Release|ARM64
	EndGlobalSection
	GlobalSection(ProjectConfigurationPlatforms) = postSolution
		{74082E54-87BB-419E-AA7A-C4DB84263190}.Debug|Any CPU.ActiveCfg = Debug|Any CPU
		{74082E54-87BB-419E-AA7A-C4DB84263190}.Debug|Any CPU.Build.0 = Debug|Any CPU
		{74082E54-87BB-419E-AA7A-C4DB84263190}.Debug|Any CPU.Deploy.0 = Debug|Any CPU
		{74082E54-87BB-419E-AA7A-C4DB84263190}.Debug|ARM64.ActiveCfg = Debug|ARM64
		{74082E54-87BB-419E-AA7A-C4DB84263190}.Debug|ARM64.Build.0 = Debug|ARM64
		{74082E54-87BB-419E-AA7A-C4DB84263190}.Debug|ARM64.Deploy.0 = Debug|ARM64
		{74082E54-87BB-419E-AA7A-C4DB84263190}.Release|Any CPU.ActiveCfg = Debug|Any CPU
		{74082E54-87BB-419E-AA7A-C4DB84263190}.Release|Any CPU.Build.0 = Debug|Any CPU
		{74082E54-87BB-419E-AA7A-C4DB84263190}.Release|Any CPU.Deploy.0 = Debug|Any CPU
		{74082E54-87BB-419E-AA7A-C4DB84263190}.Release|ARM64.ActiveCfg = Release|ARM64
		{74082E54-87BB-419E-AA7A-C4DB84263190}.Release|ARM64.Build.0 = Release|ARM64
		{74082E54-87BB-419E-AA7A-C4DB84263190}.Release|ARM64.Deploy.0 = Release|ARM64
	EndGlobalSection
	GlobalSection(SolutionProperties) = preSolution
		HideSolutionNode = FALSE
	EndGlobalSection
EndGlobal
